
Microsoft Visual Studio Solution File, Format Version 12.00
# Visual Studio Version 16
VisualStudioVersion = 16.0.29102.190
MinimumVisualStudioVersion = 10.0.40219.1
Project("{8BC9CEB8-8B4A-11D0-8D11-00A0C91BC942}") = "Lane Detection", "Lane Detection\Lane Detection.vcxproj", "{5123D142-77B1-4A66-8357-8392600E601C}"
EndProject
Global
	GlobalSection(SolutionConfigurationPlatforms) = preSolution
		Debug|x64 = Debug|x64
		Debug|x86 = Debug|x86
		Release|x64 = Release|x64
		Release|x86 = Release|x86
	EndGlobalSection
	GlobalSection(ProjectConfigurationPlatforms) = postSolution
		{5123D142-77B1-4A66-8357-8392600E601C}.Debug|x64.ActiveCfg = Debug|x64
		{5123D142-77B1-4A66-8357-8392600E601C}.Debug|x64.Build.0 = Debug|x64
		{5123D142-77B1-4A66-8357-8392600E601C}.Debug|x86.ActiveCfg = Debug|Win32
		{5123D142-77B1-4A66-8357-8392600E601C}.Debug|x86.Build.0 = Debug|Win32
		{5123D142-77B1-4A66-8357-8392600E601C}.Release|x64.ActiveCfg = Release|x64
		{5123D142-77B1-4A66-8357-8392600E601C}.Release|x64.Build.0 = Release|x64
		{5123D142-77B1-4A66-8357-8392600E601C}.Release|x86.ActiveCfg = Release|Win32
		{5123D142-77B1-4A66-8357-8392600E601C}.Release|x86.Build.0 = Release|Win32
	EndGlobalSection
	GlobalSection(SolutionProperties) = preSolution
		HideSolutionNode = FALSE
	EndGlobalSection
	GlobalSection(ExtensibilityGlobals) = postSolution
		SolutionGuid = {9F716896-3B61-4EC3-B1D3-8A3B5BB6825E}
	EndGlobalSection
EndGlobal
